
Microsoft Visual Studio Solution File, Format Version 12.00
# Visual Studio Version 17
VisualStudioVersion = 17.3.32825.248
MinimumVisualStudioVersion = 10.0.40219.1
Project("{FAE04EC0-301F-11D3-BF4B-00C04F79EFBC}") = "WeatherApp", "WeatherApp\WeatherApp.csproj", "{BC5E9427-A5F5-4FA3-A271-BA593B000437}"
EndProject
Global
	GlobalSection(SolutionConfigurationPlatforms) = preSolution
		Debug|Any CPU = Debug|Any CPU
		Release|Any CPU = Release|Any CPU
	EndGlobalSection
	GlobalSection(ProjectConfigurationPlatforms) = postSolution
		{BC5E9427-A5F5-4FA3-A271-BA593B000437}.Debug|Any CPU.ActiveCfg = Debug|Any CPU
		{BC5E9427-A5F5-4FA3-A271-BA593B000437}.Debug|Any CPU.Build.0 = Debug|Any CPU
		{BC5E9427-A5F5-4FA3-A271-BA593B000437}.Release|Any CPU.ActiveCfg = Release|Any CPU
		{BC5E9427-A5F5-4FA3-A271-BA593B000437}.Release|Any CPU.Build.0 = Release|Any CPU
	EndGlobalSection
	GlobalSection(SolutionProperties) = preSolution
		HideSolutionNode = FALSE
	EndGlobalSection
	GlobalSection(ExtensibilityGlobals) = postSolution
		SolutionGuid = {75422B62-0802-49FD-BFDB-0BEE07EF5394}
	EndGlobalSection
EndGlobal
